{
  "requires": true,
  "lockfileVersion": 1,
  "dependencies": {
    "print-js": {
      "version": "1.0.47",
      "resolved": "https://registry.npmjs.org/print-js/-/print-js-1.0.47.tgz",
      "integrity": "sha512-j567Vs/gCC9B/8K+rwBCtVJS5CWUllQOKDdRQUzP/QAU1+4yZQeCRQXzZl27fUpMWtAz/DgQGYeCITXbVQfopA=="
    }
  }
}
